PODS:
  - Alamofire (4.4.0)
  - MJExtension (3.0.13)

DEPENDENCIES:
  - Alamofire (~> 4.4)
  - MJExtension

SPEC CHECKSUMS:
  Alamofire: dc44b1600b800eb63da6a19039a0083d62a6a62d
  MJExtension: 5932755f451458eefa24239358817f8d291240c7

PODFILE CHECKSUM: c6d960e39c3348f99d0996d599b8a42ce892b833

COCOAPODS: 1.0.0
