PODS:
  - Alamofire (4.4.0)
  - MBProgressHUD (1.0.0)
  - MJExtension (3.0.13)
  - SABlurImageView (3.0.1)
  - SDWebImage (3.8.2):
    - SDWebImage/Core (= 3.8.2)
  - SDWebImage/Core (3.8.2)

DEPENDENCIES:
  - Alamofire (~> 4.4)
  - MBProgressHUD (~> 1.0.0)
  - MJExtension
  - SABlurImageView
  - SDWebImage (~> 3.8)

SPEC CHECKSUMS:
  Alamofire: dc44b1600b800eb63da6a19039a0083d62a6a62d
  MBProgressHUD: 4890f671c94e8a0f3cf959aa731e9de2f036d71a
  MJExtension: 5932755f451458eefa24239358817f8d291240c7
  SABlurImageView: bd0940330d0e8571379a495623e57c436659a202
  SDWebImage: 098e97e6176540799c27e804c96653ee0833d13c

PODFILE CHECKSUM: 81713b99214cf936ca7b6f4c1f5c75607d554f2a

COCOAPODS: 1.0.0
